
Microsoft Visual Studio Solution File, Format Version 12.00
# Visual Studio 15
VisualStudioVersion = 15.0.28307.572
MinimumVisualStudioVersion = 10.0.40219.1
Project("{8BC9CEB8-8B4A-11D0-8D11-00A0C91BC942}") = "zadatak1", "zadatak1\zadatak1.vcxproj", "{DA0313E6-688C-491F-86DB-B9568CE088EF}"
EndProject
Global
	GlobalSection(SolutionConfigurationPlatforms) = preSolution
		Debug|x64 = Debug|x64
		Debug|x86 = Debug|x86
		Release|x64 = Release|x64
		Release|x86 = Release|x86
	EndGlobalSection
	GlobalSection(ProjectConfigurationPlatforms) = postSolution
		{DA0313E6-688C-491F-86DB-B9568CE088EF}.Debug|x64.ActiveCfg = Debug|x64
		{DA0313E6-688C-491F-86DB-B9568CE088EF}.Debug|x64.Build.0 = Debug|x64
		{DA0313E6-688C-491F-86DB-B9568CE088EF}.Debug|x86.ActiveCfg = Debug|Win32
		{DA0313E6-688C-491F-86DB-B9568CE088EF}.Debug|x86.Build.0 = Debug|Win32
		{DA0313E6-688C-491F-86DB-B9568CE088EF}.Release|x64.ActiveCfg = Release|x64
		{DA0313E6-688C-491F-86DB-B9568CE088EF}.Release|x64.Build.0 = Release|x64
		{DA0313E6-688C-491F-86DB-B9568CE088EF}.Release|x86.ActiveCfg = Release|Win32
		{DA0313E6-688C-491F-86DB-B9568CE088EF}.Release|x86.Build.0 = Release|Win32
	EndGlobalSection
	GlobalSection(SolutionProperties) = preSolution
		HideSolutionNode = FALSE
	EndGlobalSection
	GlobalSection(ExtensibilityGlobals) = postSolution
		SolutionGuid = {9A4FAA8A-E7DA-41BA-96E8-05BE7FC440B0}
	EndGlobalSection
EndGlobal
